
Microsoft Visual Studio Solution File, Format Version 12.00
# Visual Studio 15
VisualStudioVersion = 15.0.27004.2005
MinimumVisualStudioVersion = 10.0.40219.1
Project("{FAE04EC0-301F-11D3-BF4B-00C04F79EFBC}") = "zad1", "zad1\zad1.csproj", "{8AD9D038-3D87-423F-8D59-F7D01F3741E5}"
EndProject
Project("{FAE04EC0-301F-11D3-BF4B-00C04F79EFBC}") = "zad2", "zad2\zad2.csproj", "{271D5767-C57D-49B3-88DC-92B1D15E482D}"
EndProject
Project("{FAE04EC0-301F-11D3-BF4B-00C04F79EFBC}") = "zad2Tests", "zad2Tests\zad2Tests.csproj", "{FFDF52E9-7567-45D8-AEFC-633FD922171E}"
EndProject
Project("{FAE04EC0-301F-11D3-BF4B-00C04F79EFBC}") = "zad4", "zad4\zad4.csproj", "{ADE86FDA-52AE-4AB1-A4D3-97E51C66C62D}"
EndProject
Project("{FAE04EC0-301F-11D3-BF4B-00C04F79EFBC}") = "zad5", "zad5\zad5.csproj", "{631AAEB4-EC4C-4AC1-A1CB-4431363FA459}"
EndProject
Project("{FAE04EC0-301F-11D3-BF4B-00C04F79EFBC}") = "zad6_7", "zad6_7\zad6_7.csproj", "{FCE66D25-4D47-4C5E-9C28-600960A3638B}"
EndProject
Global
	GlobalSection(SolutionConfigurationPlatforms) = preSolution
		Debug|Any CPU = Debug|Any CPU
		Debug|ARM = Debug|ARM
		Debug|x64 = Debug|x64
		Debug|x86 = Debug|x86
		Release|Any CPU = Release|Any CPU
		Release|ARM = Release|ARM
		Release|x64 = Release|x64
		Release|x86 = Release|x86
	EndGlobalSection
	GlobalSection(ProjectConfigurationPlatforms) = postSolution
		{8AD9D038-3D87-423F-8D59-F7D01F3741E5}.Debug|Any CPU.ActiveCfg = Debug|Any CPU
		{8AD9D038-3D87-423F-8D59-F7D01F3741E5}.Debug|Any CPU.Build.0 = Debug|Any CPU
		{8AD9D038-3D87-423F-8D59-F7D01F3741E5}.Debug|ARM.ActiveCfg = Debug|Any CPU
		{8AD9D038-3D87-423F-8D59-F7D01F3741E5}.Debug|ARM.Build.0 = Debug|Any CPU
		{8AD9D038-3D87-423F-8D59-F7D01F3741E5}.Debug|x64.ActiveCfg = Debug|Any CPU
		{8AD9D038-3D87-423F-8D59-F7D01F3741E5}.Debug|x64.Build.0 = Debug|Any CPU
		{8AD9D038-3D87-423F-8D59-F7D01F3741E5}.Debug|x86.ActiveCfg = Debug|Any CPU
		{8AD9D038-3D87-423F-8D59-F7D01F3741E5}.Debug|x86.Build.0 = Debug|Any CPU
		{8AD9D038-3D87-423F-8D59-F7D01F3741E5}.Release|Any CPU.ActiveCfg = Release|Any CPU
		{8AD9D038-3D87-423F-8D59-F7D01F3741E5}.Release|Any CPU.Build.0 = Release|Any CPU
		{8AD9D038-3D87-423F-8D59-F7D01F3741E5}.Release|ARM.ActiveCfg = Release|Any CPU
		{8AD9D038-3D87-423F-8D59-F7D01F3741E5}.Release|ARM.Build.0 = Release|Any CPU
		{8AD9D038-3D87-423F-8D59-F7D01F3741E5}.Release|x64.ActiveCfg = Release|Any CPU
		{8AD9D038-3D87-423F-8D59-F7D01F3741E5}.Release|x64.Build.0 = Release|Any CPU
		{8AD9D038-3D87-423F-8D59-F7D01F3741E5}.Release|x86.ActiveCfg = Release|Any CPU
		{8AD9D038-3D87-423F-8D59-F7D01F3741E5}.Release|x86.Build.0 = Release|Any CPU
		{271D5767-C57D-49B3-88DC-92B1D15E482D}.Debug|Any CPU.ActiveCfg = Debug|Any CPU
		{271D5767-C57D-49B3-88DC-92B1D15E482D}.Debug|Any CPU.Build.0 = Debug|Any CPU
		{271D5767-C57D-49B3-88DC-92B1D15E482D}.Debug|ARM.ActiveCfg = Debug|Any CPU
		{271D5767-C57D-49B3-88DC-92B1D15E482D}.Debug|ARM.Build.0 = Debug|Any CPU
		{271D5767-C57D-49B3-88DC-92B1D15E482D}.Debug|x64.ActiveCfg = Debug|Any CPU
		{271D5767-C57D-49B3-88DC-92B1D15E482D}.Debug|x64.Build.0 = Debug|Any CPU
		{271D5767-C57D-49B3-88DC-92B1D15E482D}.Debug|x86.ActiveCfg = Debug|Any CPU
		{271D5767-C57D-49B3-88DC-92B1D15E482D}.Debug|x86.Build.0 = Debug|Any CPU
		{271D5767-C57D-49B3-88DC-92B1D15E482D}.Release|Any CPU.ActiveCfg = Release|Any CPU
		{271D5767-C57D-49B3-88DC-92B1D15E482D}.Release|Any CPU.Build.0 = Release|Any CPU
		{271D5767-C57D-49B3-88DC-92B1D15E482D}.Release|ARM.ActiveCfg = Release|Any CPU
		{271D5767-C57D-49B3-88DC-92B1D15E482D}.Release|ARM.Build.0 = Release|Any CPU
		{271D5767-C57D-49B3-88DC-92B1D15E482D}.Release|x64.ActiveCfg = Release|Any CPU
		{271D5767-C57D-49B3-88DC-92B1D15E482D}.Release|x64.Build.0 = Release|Any CPU
		{271D5767-C57D-49B3-88DC-92B1D15E482D}.Release|x86.ActiveCfg = Release|Any CPU
		{271D5767-C57D-49B3-88DC-92B1D15E482D}.Release|x86.Build.0 = Release|Any CPU
		{FFDF52E9-7567-45D8-AEFC-633FD922171E}.Debug|Any CPU.ActiveCfg = Debug|Any CPU
		{FFDF52E9-7567-45D8-AEFC-633FD922171E}.Debug|Any CPU.Build.0 = Debug|Any CPU
		{FFDF52E9-7567-45D8-AEFC-633FD922171E}.Debug|ARM.ActiveCfg = Debug|Any CPU
		{FFDF52E9-7567-45D8-AEFC-633FD922171E}.Debug|ARM.Build.0 = Debug|Any CPU
		{FFDF52E9-7567-45D8-AEFC-633FD922171E}.Debug|x64.ActiveCfg = Debug|Any CPU
		{FFDF52E9-7567-45D8-AEFC-633FD922171E}.Debug|x64.Build.0 = Debug|Any CPU
		{FFDF52E9-7567-45D8-AEFC-633FD922171E}.Debug|x86.ActiveCfg = Debug|Any CPU
		{FFDF52E9-7567-45D8-AEFC-633FD922171E}.Debug|x86.Build.0 = Debug|Any CPU
		{FFDF52E9-7567-45D8-AEFC-633FD922171E}.Release|Any CPU.ActiveCfg = Release|Any CPU
		{FFDF52E9-7567-45D8-AEFC-633FD922171E}.Release|Any CPU.Build.0 = Release|Any CPU
		{FFDF52E9-7567-45D8-AEFC-633FD922171E}.Release|ARM.ActiveCfg = Release|Any CPU
		{FFDF52E9-7567-45D8-AEFC-633FD922171E}.Release|ARM.Build.0 = Release|Any CPU
		{FFDF52E9-7567-45D8-AEFC-633FD922171E}.Release|x64.ActiveCfg = Release|Any CPU
		{FFDF52E9-7567-45D8-AEFC-633FD922171E}.Release|x64.Build.0 = Release|Any CPU
		{FFDF52E9-7567-45D8-AEFC-633FD922171E}.Release|x86.ActiveCfg = Release|Any CPU
		{FFDF52E9-7567-45D8-AEFC-633FD922171E}.Release|x86.Build.0 = Release|Any CPU
		{ADE86FDA-52AE-4AB1-A4D3-97E51C66C62D}.Debug|Any CPU.ActiveCfg = Debug|Any CPU
		{ADE86FDA-52AE-4AB1-A4D3-97E51C66C62D}.Debug|Any CPU.Build.0 = Debug|Any CPU
		{ADE86FDA-52AE-4AB1-A4D3-97E51C66C62D}.Debug|ARM.ActiveCfg = Debug|Any CPU
		{ADE86FDA-52AE-4AB1-A4D3-97E51C66C62D}.Debug|ARM.Build.0 = Debug|Any CPU
		{ADE86FDA-52AE-4AB1-A4D3-97E51C66C62D}.Debug|x64.ActiveCfg = Debug|Any CPU
		{ADE86FDA-52AE-4AB1-A4D3-97E51C66C62D}.Debug|x64.Build.0 = Debug|Any CPU
		{ADE86FDA-52AE-4AB1-A4D3-97E51C66C62D}.Debug|x86.ActiveCfg = Debug|Any CPU
		{ADE86FDA-52AE-4AB1-A4D3-97E51C66C62D}.Debug|x86.Build.0 = Debug|Any CPU
		{ADE86FDA-52AE-4AB1-A4D3-97E51C66C62D}.Release|Any CPU.ActiveCfg = Release|Any CPU
		{ADE86FDA-52AE-4AB1-A4D3-97E51C66C62D}.Release|Any CPU.Build.0 = Release|Any CPU
		{ADE86FDA-52AE-4AB1-A4D3-97E51C66C62D}.Release|ARM.ActiveCfg = Release|Any CPU
		{ADE86FDA-52AE-4AB1-A4D3-97E51C66C62D}.Release|ARM.Build.0 = Release|Any CPU
		{ADE86FDA-52AE-4AB1-A4D3-97E51C66C62D}.Release|x64.ActiveCfg = Release|Any CPU
		{ADE86FDA-52AE-4AB1-A4D3-97E51C66C62D}.Release|x64.Build.0 = Release|Any CPU
		{ADE86FDA-52AE-4AB1-A4D3-97E51C66C62D}.Release|x86.ActiveCfg = Release|Any CPU
		{ADE86FDA-52AE-4AB1-A4D3-97E51C66C62D}.Release|x86.Build.0 = Release|Any CPU
		{631AAEB4-EC4C-4AC1-A1CB-4431363FA459}.Debug|Any CPU.ActiveCfg = Debug|Any CPU
		{631AAEB4-EC4C-4AC1-A1CB-4431363FA459}.Debug|Any CPU.Build.0 = Debug|Any CPU
		{631AAEB4-EC4C-4AC1-A1CB-4431363FA459}.Debug|ARM.ActiveCfg = Debug|Any CPU
		{631AAEB4-EC4C-4AC1-A1CB-4431363FA459}.Debug|ARM.Build.0 = Debug|Any CPU
		{631AAEB4-EC4C-4AC1-A1CB-4431363FA459}.Debug|x64.ActiveCfg = Debug|Any CPU
		{631AAEB4-EC4C-4AC1-A1CB-4431363FA459}.Debug|x64.Build.0 = Debug|Any CPU
		{631AAEB4-EC4C-4AC1-A1CB-4431363FA459}.Debug|x86.ActiveCfg = Debug|Any CPU
		{631AAEB4-EC4C-4AC1-A1CB-4431363FA459}.Debug|x86.Build.0 = Debug|Any CPU
		{631AAEB4-EC4C-4AC1-A1CB-4431363FA459}.Release|Any CPU.ActiveCfg = Release|Any CPU
		{631AAEB4-EC4C-4AC1-A1CB-4431363FA459}.Release|Any CPU.Build.0 = Release|Any CPU
		{631AAEB4-EC4C-4AC1-A1CB-4431363FA459}.Release|ARM.ActiveCfg = Release|Any CPU
		{631AAEB4-EC4C-4AC1-A1CB-4431363FA459}.Release|ARM.Build.0 = Release|Any CPU
		{631AAEB4-EC4C-4AC1-A1CB-4431363FA459}.Release|x64.ActiveCfg = Release|Any CPU
		{631AAEB4-EC4C-4AC1-A1CB-4431363FA459}.Release|x64.Build.0 = Release|Any CPU
		{631AAEB4-EC4C-4AC1-A1CB-4431363FA459}.Release|x86.ActiveCfg = Release|Any CPU
		{631AAEB4-EC4C-4AC1-A1CB-4431363FA459}.Release|x86.Build.0 = Release|Any CPU
		{FCE66D25-4D47-4C5E-9C28-600960A3638B}.Debug|Any CPU.ActiveCfg = Debug|Any CPU
		{FCE66D25-4D47-4C5E-9C28-600960A3638B}.Debug|Any CPU.Build.0 = Debug|Any CPU
		{FCE66D25-4D47-4C5E-9C28-600960A3638B}.Debug|ARM.ActiveCfg = Debug|Any CPU
		{FCE66D25-4D47-4C5E-9C28-600960A3638B}.Debug|ARM.Build.0 = Debug|Any CPU
		{FCE66D25-4D47-4C5E-9C28-600960A3638B}.Debug|x64.ActiveCfg = Debug|Any CPU
		{FCE66D25-4D47-4C5E-9C28-600960A3638B}.Debug|x64.Build.0 = Debug|Any CPU
		{FCE66D25-4D47-4C5E-9C28-600960A3638B}.Debug|x86.ActiveCfg = Debug|Any CPU
		{FCE66D25-4D47-4C5E-9C28-600960A3638B}.Debug|x86.Build.0 = Debug|Any CPU
		{FCE66D25-4D47-4C5E-9C28-600960A3638B}.Release|Any CPU.ActiveCfg = Release|Any CPU
		{FCE66D25-4D47-4C5E-9C28-600960A3638B}.Release|Any CPU.Build.0 = Release|Any CPU
		{FCE66D25-4D47-4C5E-9C28-600960A3638B}.Release|ARM.ActiveCfg = Release|Any CPU
		{FCE66D25-4D47-4C5E-9C28-600960A3638B}.Release|ARM.Build.0 = Release|Any CPU
		{FCE66D25-4D47-4C5E-9C28-600960A3638B}.Release|x64.ActiveCfg = Release|Any CPU
		{FCE66D25-4D47-4C5E-9C28-600960A3638B}.Release|x64.Build.0 = Release|Any CPU
		{FCE66D25-4D47-4C5E-9C28-600960A3638B}.Release|x86.ActiveCfg = Release|Any CPU
		{FCE66D25-4D47-4C5E-9C28-600960A3638B}.Release|x86.Build.0 = Release|Any CPU
	EndGlobalSection
	GlobalSection(SolutionProperties) = preSolution
		HideSolutionNode = FALSE
	EndGlobalSection
	GlobalSection(ExtensibilityGlobals) = postSolution
		SolutionGuid = {1151979C-1D42-40A3-87C1-C32E05331494}
	EndGlobalSection
EndGlobal
